
Microsoft Visual Studio Solution File, Format Version 12.00
# Visual Studio Version 16
VisualStudioVersion = 16.0.31515.178
MinimumVisualStudioVersion = 10.0.40219.1
Project("{FAE04EC0-301F-11D3-BF4B-00C04F79EFBC}") = "Helloworld", "Helloworld\Helloworld.csproj", "{B2FF73BC-8F2F-4595-B5DD-65751B2B8CE6}"
EndProject
Global
	GlobalSection(SolutionConfigurationPlatforms) = preSolution
		Debug|Any CPU = Debug|Any CPU
		Release|Any CPU = Release|Any CPU
	EndGlobalSection
	GlobalSection(ProjectConfigurationPlatforms) = postSolution
		{B2FF73BC-8F2F-4595-B5DD-65751B2B8CE6}.Debug|Any CPU.ActiveCfg = Debug|Any CPU
		{B2FF73BC-8F2F-4595-B5DD-65751B2B8CE6}.Debug|Any CPU.Build.0 = Debug|Any CPU
		{B2FF73BC-8F2F-4595-B5DD-65751B2B8CE6}.Release|Any CPU.ActiveCfg = Release|Any CPU
		{B2FF73BC-8F2F-4595-B5DD-65751B2B8CE6}.Release|Any CPU.Build.0 = Release|Any CPU
	EndGlobalSection
	GlobalSection(SolutionProperties) = preSolution
		HideSolutionNode = FALSE
	EndGlobalSection
	GlobalSection(ExtensibilityGlobals) = postSolution
		SolutionGuid = {74122041-E1FE-49DC-9133-41030B4CBB0A}
	EndGlobalSection
EndGlobal
